
Microsoft Visual Studio Solution File, Format Version 12.00
# Visual Studio 14
VisualStudioVersion = 14.0.24720.0
MinimumVisualStudioVersion = 10.0.40219.1
Project("{FAE04EC0-301F-11D3-BF4B-00C04F79EFBC}") = "Square9.SecurityDisplay", "Square9.SecurityDisplay\Square9.SecurityDisplay.csproj", "{D0CBF006-E3CA-47FA-9E5B-18CE24F1CB16}"
EndProject
Global
	GlobalSection(SolutionConfigurationPlatforms) = preSolution
		Debug|Any CPU = Debug|Any CPU
		Release|Any CPU = Release|Any CPU
	EndGlobalSection
	GlobalSection(ProjectConfigurationPlatforms) = postSolution
		{D0CBF006-E3CA-47FA-9E5B-18CE24F1CB16}.Debug|Any CPU.ActiveCfg = Debug|Any CPU
		{D0CBF006-E3CA-47FA-9E5B-18CE24F1CB16}.Debug|Any CPU.Build.0 = Debug|Any CPU
		{D0CBF006-E3CA-47FA-9E5B-18CE24F1CB16}.Release|Any CPU.ActiveCfg = Release|Any CPU
		{D0CBF006-E3CA-47FA-9E5B-18CE24F1CB16}.Release|Any CPU.Build.0 = Release|Any CPU
	EndGlobalSection
	GlobalSection(SolutionProperties) = preSolution
		HideSolutionNode = FALSE
	EndGlobalSection
EndGlobal
